
Microsoft Visual Studio Solution File, Format Version 12.00
# Visual Studio Version 17
VisualStudioVersion = 17.0.31903.59
MinimumVisualStudioVersion = 10.0.40219.1
Project("{FAE04EC0-301F-11D3-BF4B-00C04F79EFBC}") = "Example.Console", "Example.Console\Example.Console.csproj", "{9ABF18F2-0014-4BB6-A954-74B3CA644688}"
EndProject
Project("{FAE04EC0-301F-11D3-BF4B-00C04F79EFBC}") = "Example.Console.Tests", "Example.Console.Tests\Example.Console.Tests.csproj", "{DEAEEAF5-F009-48AF-9773-F02AC4BD714B}"
EndProject
Global
	GlobalSection(SolutionConfigurationPlatforms) = preSolution
		Debug|Any CPU = Debug|Any CPU
		Release|Any CPU = Release|Any CPU
	EndGlobalSection
	GlobalSection(ProjectConfigurationPlatforms) = postSolution
		{9ABF18F2-0014-4BB6-A954-74B3CA644688}.Debug|Any CPU.ActiveCfg = Debug|Any CPU
		{9ABF18F2-0014-4BB6-A954-74B3CA644688}.Debug|Any CPU.Build.0 = Debug|Any CPU
		{9ABF18F2-0014-4BB6-A954-74B3CA644688}.Release|Any CPU.ActiveCfg = Release|Any CPU
		{9ABF18F2-0014-4BB6-A954-74B3CA644688}.Release|Any CPU.Build.0 = Release|Any CPU
		{DEAEEAF5-F009-48AF-9773-F02AC4BD714B}.Debug|Any CPU.ActiveCfg = Debug|Any CPU
		{DEAEEAF5-F009-48AF-9773-F02AC4BD714B}.Debug|Any CPU.Build.0 = Debug|Any CPU
		{DEAEEAF5-F009-48AF-9773-F02AC4BD714B}.Release|Any CPU.ActiveCfg = Release|Any CPU
		{DEAEEAF5-F009-48AF-9773-F02AC4BD714B}.Release|Any CPU.Build.0 = Release|Any CPU
	EndGlobalSection
	GlobalSection(SolutionProperties) = preSolution
		HideSolutionNode = FALSE
	EndGlobalSection
EndGlobal
